// !$*UTF8*$!
{
	archiveVersion = 1;
	classes = {
	};
	objectVersion = 46;
	objects = {

/* Begin PBXBuildFile section */
		346B8BC31C842C8F00F392CF /* main.m in Sources */ = {isa = PBXBuildFile; fileRef = 346B8BC21C842C8F00F392CF /* main.m */; };
		346B8BC61C842C8F00F392CF /* AppDelegate.m in Sources */ = {isa = PBXBuildFile; fileRef = 346B8BC51C842C8F00F392CF /* AppDelegate.m */; };
		346B8BC91C842C8F00F392CF /* ViewController.m in Sources */ = {isa = PBXBuildFile; fileRef = 346B8BC81C842C8F00F392CF /* ViewController.m */; };
		346B8BCC1C842C8F00F392CF /* Main.storyboard in Resources */ = {isa = PBXBuildFile; fileRef = 346B8BCA1C842C8F00F392CF /* Main.storyboard */; };
		346B8BCE1C842C8F00F392CF /* Assets.xcassets in Resources */ = {isa = PBXBuildFile; fileRef = 346B8BCD1C842C8F00F392CF /* Assets.xcassets */; };
		346B8BD11C842C8F00F392CF /* LaunchScreen.storyboard in Resources */ = {isa = PBXBuildFile; fileRef = 346B8BCF1C842C8F00F392CF /* LaunchScreen.storyboard */; };
		346B8BDC1C842C8F00F392CF /* ____Tests.m in Sources */ = {isa = PBXBuildFile; fileRef = 346B8BDB1C842C8F00F392CF /* ____Tests.m */; };
		346B8BE71C842C8F00F392CF /* ____UITests.m in Sources */ = {isa = PBXBuildFile; fileRef = 346B8BE61C842C8F00F392CF /* ____UITests.m */; };
		346B8BF51C842DE500F392CF /* LocalAuthentication.framework in Frameworks */ = {isa = PBXBuildFile; fileRef = 346B8BF41C842DE500F392CF /* LocalAuthentication.framework */; settings = {ATTRIBUTES = (Required, ); }; };
/* End PBXBuildFile section */

/* Begin PBXContainerItemProxy section */
		346B8BD81C842C8F00F392CF /* PBXContainerItemProxy */ = {
			isa = PBXContainerItemProxy;
			containerPortal = 346B8BB61C842C8F00F392CF /* Project object */;
			proxyType = 1;
			remoteGlobalIDString = 346B8BBD1C842C8F00F392CF;
			remoteInfo = "指纹解锁";
		};
		346B8BE31C842C8F00F392CF /* PBXContainerItemProxy */ = {
			isa = PBXContainerItemProxy;
			containerPortal = 346B8BB61C842C8F00F392CF /* Project object */;
			proxyType = 1;
			remoteGlobalIDString = 346B8BBD1C842C8F00F392CF;
			remoteInfo = "指纹解锁";
		};
/* End PBXContainerItemProxy section */

/* Begin PBXFileReference section */
		346B8BBE1C842C8F00F392CF /* 指纹解锁.app */ = {isa = PBXFileReference; explicitFileType = wrapper.application; includeInIndex = 0; path = "指纹解锁.app"; sourceTree = BUILT_PRODUCTS_DIR; };
		346B8BC21C842C8F00F392CF /* main.m */ = {isa = PBXFileReference; lastKnownFileType = sourcecode.c.objc; path = main.m; sourceTree = "<group>"; };
		346B8BC41C842C8F00F392CF /* AppDelegate.h */ = {isa = PBXFileReference; lastKnownFileType = sourcecode.c.h; path = AppDelegate.h; sourceTree = "<group>"; };
		346B8BC51C842C8F00F392CF /* AppDelegate.m */ = {isa = PBXFileReference; lastKnownFileType = sourcecode.c.objc; path = AppDelegate.m; sourceTree = "<group>"; };
		346B8BC71C842C8F00F392CF /* ViewController.h */ = {isa = PBXFileReference; lastKnownFileType = sourcecode.c.h; path = ViewController.h; sourceTree = "<group>"; };
		346B8BC81C842C8F00F392CF /* ViewController.m */ = {isa = PBXFileReference; lastKnownFileType = sourcecode.c.objc; path = ViewController.m; sourceTree = "<group>"; };
		346B8BCB1C842C8F00F392CF /* Base */ = {isa = PBXFileReference; lastKnownFileType = file.storyboard; name = Base; path = Base.lproj/Main.storyboard; sourceTree = "<group>"; };
		346B8BCD1C842C8F00F392CF /* Assets.xcassets */ = {isa = PBXFileReference; lastKnownFileType = folder.assetcatalog; path = Assets.xcassets; sourceTree = "<group>"; };
		346B8BD01C842C8F00F392CF /* Base */ = {isa = PBXFileReference; lastKnownFileType = file.storyboard; name = Base; path = Base.lproj/LaunchScreen.storyboard; sourceTree = "<group>"; };
		346B8BD21C842C8F00F392CF /* Info.plist */ = {isa = PBXFileReference; lastKnownFileType = text.plist.xml; path = Info.plist; sourceTree = "<group>"; };
		346B8BD71C842C8F00F392CF /* 指纹解锁Tests.xctest */ = {isa = PBXFileReference; explicitFileType = wrapper.cfbundle; includeInIndex = 0; path = "指纹解锁Tests.xctest"; sourceTree = BUILT_PRODUCTS_DIR; };
		346B8BDB1C842C8F00F392CF /* ____Tests.m */ = {isa = PBXFileReference; lastKnownFileType = sourcecode.c.objc; path = "____Tests.m"; sourceTree = "<group>"; };
		346B8BDD1C842C8F00F392CF /* Info.plist */ = {isa = PBXFileReference; lastKnownFileType = text.plist.xml; path = Info.plist; sourceTree = "<group>"; };
		346B8BE21C842C8F00F392CF /* 指纹解锁UITests.xctest */ = {isa = PBXFileReference; explicitFileType = wrapper.cfbundle; includeInIndex = 0; path = "指纹解锁UITests.xctest"; sourceTree = BUILT_PRODUCTS_DIR; };
		346B8BE61C842C8F00F392CF /* ____UITests.m */ = {isa = PBXFileReference; lastKnownFileType = sourcecode.c.objc; path = "____UITests.m"; sourceTree = "<group>"; };
		346B8BE81C842C8F00F392CF /* Info.plist */ = {isa = PBXFileReference; lastKnownFileType = text.plist.xml; path = Info.plist; sourceTree = "<group>"; };
		346B8BF41C842DE500F392CF /* LocalAuthentication.framework */ = {isa = PBXFileReference; lastKnownFileType = wrapper.framework; name = LocalAuthentication.framework; path = System/Library/Frameworks/LocalAuthentication.framework; sourceTree = SDKROOT; };
/* End PBXFileReference section */

/* Begin PBXFrameworksBuildPhase section */
		346B8BBB1C842C8F00F392CF /* Frameworks */ = {
			isa = PBXFrameworksBuildPhase;
			buildActionMask = 2147483647;
			files = (
				346B8BF51C842DE500F392CF /* LocalAuthentication.framework in Frameworks */,
			);
			runOnlyForDeploymentPostprocessing = 0;
		};
		346B8BD41C842C8F00F392CF /* Frameworks */ = {
			isa = PBXFrameworksBuildPhase;
			buildActionMask = 2147483647;
			files = (
			);
			runOnlyForDeploymentPostprocessing = 0;
		};
		346B8BDF1C842C8F00F392CF /* Frameworks */ = {
			isa = PBXFrameworksBuildPhase;
			buildActionMask = 2147483647;
			files = (
			);
			runOnlyForDeploymentPostprocessing = 0;
		};
/* End PBXFrameworksBuildPhase section */

/* Begin PBXGroup section */
		346B8BB51C842C8F00F392CF = {
			isa = PBXGroup;
			children = (
				346B8BF41C842DE500F392CF /* LocalAuthentication.framework */,
				346B8BC01C842C8F00F392CF /* 指纹解锁 */,
				346B8BDA1C842C8F00F392CF /* 指纹解锁Tests */,
				346B8BE51C842C8F00F392CF /* 指纹解锁UITests */,
				346B8BBF1C842C8F00F392CF /* Products */,
			);
			sourceTree = "<group>";
		};
		346B8BBF1C842C8F00F392CF /* Products */ = {
			isa = PBXGroup;
			children = (
				346B8BBE1C842C8F00F392CF /* 指纹解锁.app */,
				346B8BD71C842C8F00F392CF /* 指纹解锁Tests.xctest */,
				346B8BE21C842C8F00F392CF /* 指纹解锁UITests.xctest */,
			);
			name = Products;
			sourceTree = "<group>";
		};
		346B8BC01C842C8F00F392CF /* 指纹解锁 */ = {
			isa = PBXGroup;
			children = (
				346B8BC41C842C8F00F392CF /* AppDelegate.h */,
				346B8BC51C842C8F00F392CF /* AppDelegate.m */,
				346B8BC71C842C8F00F392CF /* ViewController.h */,
				346B8BC81C842C8F00F392CF /* ViewController.m */,
				346B8BCA1C842C8F00F392CF /* Main.storyboard */,
				346B8BCD1C842C8F00F392CF /* Assets.xcassets */,
				346B8BCF1C842C8F00F392CF /* LaunchScreen.storyboard */,
				346B8BD21C842C8F00F392CF /* Info.plist */,
				346B8BC11C842C8F00F392CF /* Supporting Files */,
			);
			path = "指纹解锁";
			sourceTree = "<group>";
		};
		346B8BC11C842C8F00F392CF /* Supporting Files */ = {
			isa = PBXGroup;
			children = (
				346B8BC21C842C8F00F392CF /* main.m */,
			);
			name = "Supporting Files";
			sourceTree = "<group>";
		};
		346B8BDA1C842C8F00F392CF /* 指纹解锁Tests */ = {
			isa = PBXGroup;
			children = (
				346B8BDB1C842C8F00F392CF /* ____Tests.m */,
				346B8BDD1C842C8F00F392CF /* Info.plist */,
			);
			path = "指纹解锁Tests";
			sourceTree = "<group>";
		};
		346B8BE51C842C8F00F392CF /* 指纹解锁UITests */ = {
			isa = PBXGroup;
			children = (
				346B8BE61C842C8F00F392CF /* ____UITests.m */,
				346B8BE81C842C8F00F392CF /* Info.plist */,
			);
			path = "指纹解锁UITests";
			sourceTree = "<group>";
		};
/* End PBXGroup section */

/* Begin PBXNativeTarget section */
		346B8BBD1C842C8F00F392CF /* 指纹解锁 */ = {
			isa = PBXNativeTarget;
			buildConfigurationList = 346B8BEB1C842C8F00F392CF /* Build configuration list for PBXNativeTarget "指纹解锁" */;
			buildPhases = (
				346B8BBA1C842C8F00F392CF /* Sources */,
				346B8BBB1C842C8F00F392CF /* Frameworks */,
				346B8BBC1C842C8F00F392CF /* Resources */,
			);
			buildRules = (
			);
			dependencies = (
			);
			name = "指纹解锁";
			productName = "指纹解锁";
			productReference = 346B8BBE1C842C8F00F392CF /* 指纹解锁.app */;
			productType = "com.apple.product-type.application";
		};
		346B8BD61C842C8F00F392CF /* 指纹解锁Tests */ = {
			isa = PBXNativeTarget;
			buildConfigurationList = 346B8BEE1C842C8F00F392CF /* Build configuration list for PBXNativeTarget "指纹解锁Tests" */;
			buildPhases = (
				346B8BD31C842C8F00F392CF /* Sources */,
				346B8BD41C842C8F00F392CF /* Frameworks */,
				346B8BD51C842C8F00F392CF /* Resources */,
			);
			buildRules = (
			);
			dependencies = (
				346B8BD91C842C8F00F392CF /* PBXTargetDependency */,
			);
			name = "指纹解锁Tests";
			productName = "指纹解锁Tests";
			productReference = 346B8BD71C842C8F00F392CF /* 指纹解锁Tests.xctest */;
			productType = "com.apple.product-type.bundle.unit-test";
		};
		346B8BE11C842C8F00F392CF /* 指纹解锁UITests */ = {
			isa = PBXNativeTarget;
			buildConfigurationList = 346B8BF11C842C8F00F392CF /* Build configuration list for PBXNativeTarget "指纹解锁UITests" */;
			buildPhases = (
				346B8BDE1C842C8F00F392CF /* Sources */,
				346B8BDF1C842C8F00F392CF /* Frameworks */,
				346B8BE01C842C8F00F392CF /* Resources */,
			);
			buildRules = (
			);
			dependencies = (
				346B8BE41C842C8F00F392CF /* PBXTargetDependency */,
			);
			name = "指纹解锁UITests";
			productName = "指纹解锁UITests";
			productReference = 346B8BE21C842C8F00F392CF /* 指纹解锁UITests.xctest */;
			productType = "com.apple.product-type.bundle.ui-testing";
		};
/* End PBXNativeTarget section */

/* Begin PBXProject section */
		346B8BB61C842C8F00F392CF /* Project object */ = {
			isa = PBXProject;
			attributes = {
				LastUpgradeCheck = 0720;
				ORGANIZATIONNAME = "李献红";
				TargetAttributes = {
					346B8BBD1C842C8F00F392CF = {
						CreatedOnToolsVersion = 7.2;
						DevelopmentTeam = R74DZBE8EU;
					};
					346B8BD61C842C8F00F392CF = {
						CreatedOnToolsVersion = 7.2;
						DevelopmentTeam = R74DZBE8EU;
						TestTargetID = 346B8BBD1C842C8F00F392CF;
					};
					346B8BE11C842C8F00F392CF = {
						CreatedOnToolsVersion = 7.2;
						DevelopmentTeam = R74DZBE8EU;
						TestTargetID = 346B8BBD1C842C8F00F392CF;
					};
				};
			};
			buildConfigurationList = 346B8BB91C842C8F00F392CF /* Build configuration list for PBXProject "指纹解锁" */;
			compatibilityVersion = "Xcode 3.2";
			developmentRegion = English;
			hasScannedForEncodings = 0;
			knownRegions = (
				en,
				Base,
			);
			mainGroup = 346B8BB51C842C8F00F392CF;
			productRefGroup = 346B8BBF1C842C8F00F392CF /* Products */;
			projectDirPath = "";
			projectRoot = "";
			targets = (
				346B8BBD1C842C8F00F392CF /* 指纹解锁 */,
				346B8BD61C842C8F00F392CF /* 指纹解锁Tests */,
				346B8BE11C842C8F00F392CF /* 指纹解锁UITests */,
			);
		};
/* End PBXProject section */

/* Begin PBXResourcesBuildPhase section */
		346B8BBC1C842C8F00F392CF /* Resources */ = {
			isa = PBXResourcesBuildPhase;
			buildActionMask = 2147483647;
			files = (
				346B8BD11C842C8F00F392CF /* LaunchScreen.storyboard in Resources */,
				346B8BCE1C842C8F00F392CF /* Assets.xcassets in Resources */,
				346B8BCC1C842C8F00F392CF /* Main.storyboard in Resources */,
			);
			runOnlyForDeploymentPostprocessing = 0;
		};
		346B8BD51C842C8F00F392CF /* Resources */ = {
			isa = PBXResourcesBuildPhase;
			buildActionMask = 2147483647;
			files = (
			);
			runOnlyForDeploymentPostprocessing = 0;
		};
		346B8BE01C842C8F00F392CF /* Resources */ = {
			isa = PBXResourcesBuildPhase;
			buildActionMask = 2147483647;
			files = (
			);
			runOnlyForDeploymentPostprocessing = 0;
		};
/* End PBXResourcesBuildPhase section */

/* Begin PBXSourcesBuildPhase section */
		346B8BBA1C842C8F00F392CF /* Sources */ = {
			isa = PBXSourcesBuildPhase;
			buildActionMask = 2147483647;
			files = (
				346B8BC91C842C8F00F392CF /* ViewController.m in Sources */,
				346B8BC61C842C8F00F392CF /* AppDelegate.m in Sources */,
				346B8BC31C842C8F00F392CF /* main.m in Sources */,
			);
			runOnlyForDeploymentPostprocessing = 0;
		};
		346B8BD31C842C8F00F392CF /* Sources */ = {
			isa = PBXSourcesBuildPhase;
			buildActionMask = 2147483647;
			files = (
				346B8BDC1C842C8F00F392CF /* ____Tests.m in Sources */,
			);
			runOnlyForDeploymentPostprocessing = 0;
		};
		346B8BDE1C842C8F00F392CF /* Sources */ = {
			isa = PBXSourcesBuildPhase;
			buildActionMask = 2147483647;
			files = (
				346B8BE71C842C8F00F392CF /* ____UITests.m in Sources */,
			);
			runOnlyForDeploymentPostprocessing = 0;
		};
/* End PBXSourcesBuildPhase section */

/* Begin PBXTargetDependency section */
		346B8BD91C842C8F00F392CF /* PBXTargetDependency */ = {
			isa = PBXTargetDependency;
			target = 346B8BBD1C842C8F00F392CF /* 指纹解锁 */;
			targetProxy = 346B8BD81C842C8F00F392CF /* PBXContainerItemProxy */;
		};
		346B8BE41C842C8F00F392CF /* PBXTargetDependency */ = {
			isa = PBXTargetDependency;
			target = 346B8BBD1C842C8F00F392CF /* 指纹解锁 */;
			targetProxy = 346B8BE31C842C8F00F392CF /* PBXContainerItemProxy */;
		};
/* End PBXTargetDependency section */

/* Begin PBXVariantGroup section */
		346B8BCA1C842C8F00F392CF /* Main.storyboard */ = {
			isa = PBXVariantGroup;
			children = (
				346B8BCB1C842C8F00F392CF /* Base */,
			);
			name = Main.storyboard;
			sourceTree = "<group>";
		};
		346B8BCF1C842C8F00F392CF /* LaunchScreen.storyboard */ = {
			isa = PBXVariantGroup;
			children = (
				346B8BD01C842C8F00F392CF /* Base */,
			);
			name = LaunchScreen.storyboard;
			sourceTree = "<group>";
		};
/* End PBXVariantGroup section */

/* Begin XCBuildConfiguration section */
		346B8BE91C842C8F00F392CF /* Debug */ = {
			isa = XCBuildConfiguration;
			buildSettings = {
				ALWAYS_SEARCH_USER_PATHS = NO;
				CLANG_CXX_LANGUAGE_STANDARD = "gnu++0x";
				CLANG_CXX_LIBRARY = "libc++";
				CLANG_ENABLE_MODULES = YES;
				CLANG_ENABLE_OBJC_ARC = YES;
				CLANG_WARN_BOOL_CONVERSION = YES;
				CLANG_WARN_CONSTANT_CONVERSION = YES;
				CLANG_WARN_DIRECT_OBJC_ISA_USAGE = YES_ERROR;
				CLANG_WARN_EMPTY_BODY = YES;
				CLANG_WARN_ENUM_CONVERSION = YES;
				CLANG_WARN_INT_CONVERSION = YES;
				CLANG_WARN_OBJC_ROOT_CLASS = YES_ERROR;
				CLANG_WARN_UNREACHABLE_CODE = YES;
				CLANG_WARN__DUPLICATE_METHOD_MATCH = YES;
				"CODE_SIGN_IDENTITY[sdk=iphoneos*]" = "iPhone Developer";
				COPY_PHASE_STRIP = NO;
				DEBUG_INFORMATION_FORMAT = dwarf;
				ENABLE_STRICT_OBJC_MSGSEND = YES;
				ENABLE_TESTABILITY = YES;
				GCC_C_LANGUAGE_STANDARD = gnu99;
				GCC_DYNAMIC_NO_PIC = NO;
				GCC_NO_COMMON_BLOCKS = YES;
				GCC_OPTIMIZATION_LEVEL = 0;
				GCC_PREPROCESSOR_DEFINITIONS = (
					"DEBUG=1",
					"$(inherited)",
				);
				GCC_WARN_64_TO_32_BIT_CONVERSION = YES;
				GCC_WARN_ABOUT_RETURN_TYPE = YES_ERROR;
				GCC_WARN_UNDECLARED_SELECTOR = YES;
				GCC_WARN_UNINITIALIZED_AUTOS = YES_AGGRESSIVE;
				GCC_WARN_UNUSED_FUNCTION = YES;
				GCC_WARN_UNUSED_VARIABLE = YES;
				IPHONEOS_DEPLOYMENT_TARGET = 9.2;
				MTL_ENABLE_DEBUG_INFO = YES;
				ONLY_ACTIVE_ARCH = YES;
				SDKROOT = iphoneos;
				TARGETED_DEVICE_FAMILY = "1,2";
			};
			name = Debug;
		};
		346B8BEA1C842C8F00F392CF /* Release */ = {
			isa = XCBuildConfiguration;
			buildSettings = {
				ALWAYS_SEARCH_USER_PATHS = NO;
				CLANG_CXX_LANGUAGE_STANDARD = "gnu++0x";
				CLANG_CXX_LIBRARY = "libc++";
				CLANG_ENABLE_MODULES = YES;
				CLANG_ENABLE_OBJC_ARC = YES;
				CLANG_WARN_BOOL_CONVERSION = YES;
				CLANG_WARN_CONSTANT_CONVERSION = YES;
				CLANG_WARN_DIRECT_OBJC_ISA_USAGE = YES_ERROR;
				CLANG_WARN_EMPTY_BODY = YES;
				CLANG_WARN_ENUM_CONVERSION = YES;
				CLANG_WARN_INT_CONVERSION = YES;
				CLANG_WARN_OBJC_ROOT_CLASS = YES_ERROR;
				CLANG_WARN_UNREACHABLE_CODE = YES;
				CLANG_WARN__DUPLICATE_METHOD_MATCH = YES;
				"CODE_SIGN_IDENTITY[sdk=iphoneos*]" = "iPhone Developer";
				COPY_PHASE_STRIP = NO;
				DEBUG_INFORMATION_FORMAT = "dwarf-with-dsym";
				ENABLE_NS_ASSERTIONS = NO;
				ENABLE_STRICT_OBJC_MSGSEND = YES;
				GCC_C_LANGUAGE_STANDARD = gnu99;
				GCC_NO_COMMON_BLOCKS = YES;
				GCC_WARN_64_TO_32_BIT_CONVERSION = YES;
				GCC_WARN_ABOUT_RETURN_TYPE = YES_ERROR;
				GCC_WARN_UNDECLARED_SELECTOR = YES;
				GCC_WARN_UNINITIALIZED_AUTOS = YES_AGGRESSIVE;
				GCC_WARN_UNUSED_FUNCTION = YES;
				GCC_WARN_UNUSED_VARIABLE = YES;
				IPHONEOS_DEPLOYMENT_TARGET = 9.2;
				MTL_ENABLE_DEBUG_INFO = NO;
				SDKROOT = iphoneos;
				TARGETED_DEVICE_FAMILY = "1,2";
				VALIDATE_PRODUCT = YES;
			};
			name = Release;
		};
		346B8BEC1C842C8F00F392CF /* Debug */ = {
			isa = XCBuildConfiguration;
			buildSettings = {
				ASSETCATALOG_COMPILER_APPICON_NAME = AppIcon;
				INFOPLIST_FILE = "指纹解锁/Info.plist";
				LD_RUNPATH_SEARCH_PATHS = "$(inherited) @executable_path/Frameworks";
				PRODUCT_BUNDLE_IDENTIFIER = "com.anxin-123";
				PRODUCT_NAME = "$(TARGET_NAME)";
			};
			name = Debug;
		};
		346B8BED1C842C8F00F392CF /* Release */ = {
			isa = XCBuildConfiguration;
			buildSettings = {
				ASSETCATALOG_COMPILER_APPICON_NAME = AppIcon;
				INFOPLIST_FILE = "指纹解锁/Info.plist";
				LD_RUNPATH_SEARCH_PATHS = "$(inherited) @executable_path/Frameworks";
				PRODUCT_BUNDLE_IDENTIFIER = "com.anxin-123";
				PRODUCT_NAME = "$(TARGET_NAME)";
			};
			name = Release;
		};
		346B8BEF1C842C8F00F392CF /* Debug */ = {
			isa = XCBuildConfiguration;
			buildSettings = {
				BUNDLE_LOADER = "$(TEST_HOST)";
				INFOPLIST_FILE = "指纹解锁Tests/Info.plist";
				LD_RUNPATH_SEARCH_PATHS = "$(inherited) @executable_path/Frameworks @loader_path/Frameworks";
				PRODUCT_BUNDLE_IDENTIFIER = "com.anxin.----Tests";
				PRODUCT_NAME = "$(TARGET_NAME)";
				TEST_HOST = "$(BUILT_PRODUCTS_DIR)/指纹解锁.app/指纹解锁";
			};
			name = Debug;
		};
		346B8BF01C842C8F00F392CF /* Release */ = {
			isa = XCBuildConfiguration;
			buildSettings = {
				BUNDLE_LOADER = "$(TEST_HOST)";
				INFOPLIST_FILE = "指纹解锁Tests/Info.plist";
				LD_RUNPATH_SEARCH_PATHS = "$(inherited) @executable_path/Frameworks @loader_path/Frameworks";
				PRODUCT_BUNDLE_IDENTIFIER = "com.anxin.----Tests";
				PRODUCT_NAME = "$(TARGET_NAME)";
				TEST_HOST = "$(BUILT_PRODUCTS_DIR)/指纹解锁.app/指纹解锁";
			};
			name = Release;
		};
		346B8BF21C842C8F00F392CF /* Debug */ = {
			isa = XCBuildConfiguration;
			buildSettings = {
				INFOPLIST_FILE = "指纹解锁UITests/Info.plist";
				LD_RUNPATH_SEARCH_PATHS = "$(inherited) @executable_path/Frameworks @loader_path/Frameworks";
				PRODUCT_BUNDLE_IDENTIFIER = "com.anxin.----UITests";
				PRODUCT_NAME = "$(TARGET_NAME)";
				TEST_TARGET_NAME = "指纹解锁";
				USES_XCTRUNNER = YES;
			};
			name = Debug;
		};
		346B8BF31C842C8F00F392CF /* Release */ = {
			isa = XCBuildConfiguration;
			buildSettings = {
				INFOPLIST_FILE = "指纹解锁UITests/Info.plist";
				LD_RUNPATH_SEARCH_PATHS = "$(inherited) @executable_path/Frameworks @loader_path/Frameworks";
				PRODUCT_BUNDLE_IDENTIFIER = "com.anxin.----UITests";
				PRODUCT_NAME = "$(TARGET_NAME)";
				TEST_TARGET_NAME = "指纹解锁";
				USES_XCTRUNNER = YES;
			};
			name = Release;
		};
/* End XCBuildConfiguration section */

/* Begin XCConfigurationList section */
		346B8BB91C842C8F00F392CF /* Build configuration list for PBXProject "指纹解锁" */ = {
			isa = XCConfigurationList;
			buildConfigurations = (
				346B8BE91C842C8F00F392CF /* Debug */,
				346B8BEA1C842C8F00F392CF /* Release */,
			);
			defaultConfigurationIsVisible = 0;
			defaultConfigurationName = Release;
		};
		346B8BEB1C842C8F00F392CF /* Build configuration list for PBXNativeTarget "指纹解锁" */ = {
			isa = XCConfigurationList;
			buildConfigurations = (
				346B8BEC1C842C8F00F392CF /* Debug */,
				346B8BED1C842C8F00F392CF /* Release */,
			);
			defaultConfigurationIsVisible = 0;
		};
		346B8BEE1C842C8F00F392CF /* Build configuration list for PBXNativeTarget "指纹解锁Tests" */ = {
			isa = XCConfigurationList;
			buildConfigurations = (
				346B8BEF1C842C8F00F392CF /* Debug */,
				346B8BF01C842C8F00F392CF /* Release */,
			);
			defaultConfigurationIsVisible = 0;
		};
		346B8BF11C842C8F00F392CF /* Build configuration list for PBXNativeTarget "指纹解锁UITests" */ = {
			isa = XCConfigurationList;
			buildConfigurations = (
				346B8BF21C842C8F00F392CF /* Debug */,
				346B8BF31C842C8F00F392CF /* Release */,
			);
			defaultConfigurationIsVisible = 0;
		};
/* End XCConfigurationList section */
	};
	rootObject = 346B8BB61C842C8F00F392CF /* Project object */;
}
